
Microsoft Visual Studio Solution File, Format Version 12.00
# Visual Studio Version 17
VisualStudioVersion = 17.2.32616.157
MinimumVisualStudioVersion = 10.0.40219.1
Project("{FAE04EC0-301F-11D3-BF4B-00C04F79EFBC}") = "NutsShop", "NutsShop\NutsShop.csproj", "{B03A8F0C-14E6-4F58-9C29-8EFD1EE8BFA2}"
EndProject
Global
	GlobalSection(SolutionConfigurationPlatforms) = preSolution
		Debug|Any CPU = Debug|Any CPU
		Release|Any CPU = Release|Any CPU
	EndGlobalSection
	GlobalSection(ProjectConfigurationPlatforms) = postSolution
		{B03A8F0C-14E6-4F58-9C29-8EFD1EE8BFA2}.Debug|Any CPU.ActiveCfg = Debug|Any CPU
		{B03A8F0C-14E6-4F58-9C29-8EFD1EE8BFA2}.Debug|Any CPU.Build.0 = Debug|Any CPU
		{B03A8F0C-14E6-4F58-9C29-8EFD1EE8BFA2}.Release|Any CPU.ActiveCfg = Release|Any CPU
		{B03A8F0C-14E6-4F58-9C29-8EFD1EE8BFA2}.Release|Any CPU.Build.0 = Release|Any CPU
	EndGlobalSection
	GlobalSection(SolutionProperties) = preSolution
		HideSolutionNode = FALSE
	EndGlobalSection
	GlobalSection(ExtensibilityGlobals) = postSolution
		SolutionGuid = {1056FAE1-30DE-4B80-844F-BA3A92DA8125}
	EndGlobalSection
EndGlobal
