
Microsoft Visual Studio Solution File, Format Version 12.00
# Visual Studio Version 17
VisualStudioVersion = 17.2.32616.157
MinimumVisualStudioVersion = 10.0.40219.1
Project("{FAE04EC0-301F-11D3-BF4B-00C04F79EFBC}") = "ActManager", "ActManager.csproj", "{63E439DF-3279-4F67-AC5E-33EB0E0E72B7}"
EndProject
Global
	GlobalSection(SolutionConfigurationPlatforms) = preSolution
		Debug|Any CPU = Debug|Any CPU
		Release|Any CPU = Release|Any CPU
	EndGlobalSection
	GlobalSection(ProjectConfigurationPlatforms) = postSolution
		{63E439DF-3279-4F67-AC5E-33EB0E0E72B7}.Debug|Any CPU.ActiveCfg = Debug|Any CPU
		{63E439DF-3279-4F67-AC5E-33EB0E0E72B7}.Debug|Any CPU.Build.0 = Debug|Any CPU
		{63E439DF-3279-4F67-AC5E-33EB0E0E72B7}.Release|Any CPU.ActiveCfg = Release|Any CPU
		{63E439DF-3279-4F67-AC5E-33EB0E0E72B7}.Release|Any CPU.Build.0 = Release|Any CPU
	EndGlobalSection
	GlobalSection(SolutionProperties) = preSolution
		HideSolutionNode = FALSE
	EndGlobalSection
	GlobalSection(ExtensibilityGlobals) = postSolution
		SolutionGuid = {E842ABA4-2AD2-4A65-9760-A042C2E3B6DF}
	EndGlobalSection
EndGlobal
